
Microsoft Visual Studio Solution File, Format Version 12.00
# Visual Studio 15
VisualStudioVersion = 15.0.27703.2018
MinimumVisualStudioVersion = 10.0.40219.1
Project("{FAE04EC0-301F-11D3-BF4B-00C04F79EFBC}") = "GigHub", "GigHub\GigHub.csproj", "{7C3CE869-AD03-416E-A70A-0AEDA5B7B2F0}"
EndProject
Global
	GlobalSection(SolutionConfigurationPlatforms) = preSolution
		Debug|Any CPU = Debug|Any CPU
		Release|Any CPU = Release|Any CPU
	EndGlobalSection
	GlobalSection(ProjectConfigurationPlatforms) = postSolution
		{7C3CE869-AD03-416E-A70A-0AEDA5B7B2F0}.Debug|Any CPU.ActiveCfg = Debug|Any CPU
		{7C3CE869-AD03-416E-A70A-0AEDA5B7B2F0}.Debug|Any CPU.Build.0 = Debug|Any CPU
		{7C3CE869-AD03-416E-A70A-0AEDA5B7B2F0}.Release|Any CPU.ActiveCfg = Release|Any CPU
		{7C3CE869-AD03-416E-A70A-0AEDA5B7B2F0}.Release|Any CPU.Build.0 = Release|Any CPU
	EndGlobalSection
	GlobalSection(SolutionProperties) = preSolution
		HideSolutionNode = FALSE
	EndGlobalSection
	GlobalSection(ExtensibilityGlobals) = postSolution
		SolutionGuid = {23A37457-2DF4-4024-AAAF-E26D02D572BC}
	EndGlobalSection
	GlobalSection(TeamFoundationVersionControl) = preSolution
		SccNumberOfProjects = 2
		SccEnterpriseProvider = {4CA58AB2-18FA-4F8D-95D4-32DDF27D184C}
		SccTeamFoundationServer = https://jcarv.visualstudio.com/
		SccLocalPath0 = .
		SccProjectUniqueName1 = GigHub\\GigHub.csproj
		SccProjectName1 = GigHub
		SccLocalPath1 = GigHub
	EndGlobalSection
EndGlobal
